// !$*UTF8*$!
{
	archiveVersion = 1;
	classes = {
	};
	objectVersion = 50;
	objects = {

/* Begin PBXBuildFile section */
		894B844721AFD8C00066E15A /* ImageStore.swift in Sources */ = {isa = PBXBuildFile; fileRef = 894B844621AFD8C00066E15A /* ImageStore.swift */; };
		894B844921B008A10066E15A /* ChooseCorrectSentence.swift in Sources */ = {isa = PBXBuildFile; fileRef = 894B844821B008A10066E15A /* ChooseCorrectSentence.swift */; };
		894B844B21B02A180066E15A /* WritethisTranslate.swift in Sources */ = {isa = PBXBuildFile; fileRef = 894B844A21B02A180066E15A /* WritethisTranslate.swift */; };
		8950C18E21AD418B00DF68FA /* StorgeOfWords.swift in Sources */ = {isa = PBXBuildFile; fileRef = 8950C18D21AD418B00DF68FA /* StorgeOfWords.swift */; };
		895EB9AA21ABFD5D006B55BB /* AppDelegate.swift in Sources */ = {isa = PBXBuildFile; fileRef = 895EB9A921ABFD5D006B55BB /* AppDelegate.swift */; };
		895EB9AC21ABFD5D006B55BB /* ListenToSentence.swift in Sources */ = {isa = PBXBuildFile; fileRef = 895EB9AB21ABFD5D006B55BB /* ListenToSentence.swift */; };
		895EB9AF21ABFD5D006B55BB /* Main.storyboard in Resources */ = {isa = PBXBuildFile; fileRef = 895EB9AD21ABFD5D006B55BB /* Main.storyboard */; };
		895EB9B121ABFD5F006B55BB /* Assets.xcassets in Resources */ = {isa = PBXBuildFile; fileRef = 895EB9B021ABFD5F006B55BB /* Assets.xcassets */; };
		895EB9B421ABFD5F006B55BB /* LaunchScreen.storyboard in Resources */ = {isa = PBXBuildFile; fileRef = 895EB9B221ABFD5F006B55BB /* LaunchScreen.storyboard */; };
		895EB9BC21AC205A006B55BB /* Button.swift in Sources */ = {isa = PBXBuildFile; fileRef = 895EB9BB21AC205A006B55BB /* Button.swift */; };
		8979E73421AE7FDC00B94C8A /* TapOnImage.swift in Sources */ = {isa = PBXBuildFile; fileRef = 8979E73321AE7FDC00B94C8A /* TapOnImage.swift */; };
		8979E73D21AEE11400B94C8A /* StorgeOfNamesImages.swift in Sources */ = {isa = PBXBuildFile; fileRef = 8979E73C21AEE11400B94C8A /* StorgeOfNamesImages.swift */; };
/* End PBXBuildFile section */

/* Begin PBXFileReference section */
		894B844621AFD8C00066E15A /* ImageStore.swift */ = {isa = PBXFileReference; lastKnownFileType = sourcecode.swift; path = ImageStore.swift; sourceTree = "<group>"; };
		894B844821B008A10066E15A /* ChooseCorrectSentence.swift */ = {isa = PBXFileReference; lastKnownFileType = sourcecode.swift; path = ChooseCorrectSentence.swift; sourceTree = "<group>"; };
		894B844A21B02A180066E15A /* WritethisTranslate.swift */ = {isa = PBXFileReference; lastKnownFileType = sourcecode.swift; path = WritethisTranslate.swift; sourceTree = "<group>"; };
		8950C18D21AD418B00DF68FA /* StorgeOfWords.swift */ = {isa = PBXFileReference; lastKnownFileType = sourcecode.swift; path = StorgeOfWords.swift; sourceTree = "<group>"; };
		895EB9A621ABFD5D006B55BB /* LearnApp.app */ = {isa = PBXFileReference; explicitFileType = wrapper.application; includeInIndex = 0; path = LearnApp.app; sourceTree = BUILT_PRODUCTS_DIR; };
		895EB9A921ABFD5D006B55BB /* AppDelegate.swift */ = {isa = PBXFileReference; lastKnownFileType = sourcecode.swift; path = AppDelegate.swift; sourceTree = "<group>"; };
		895EB9AB21ABFD5D006B55BB /* ListenToSentence.swift */ = {isa = PBXFileReference; lastKnownFileType = sourcecode.swift; path = ListenToSentence.swift; sourceTree = "<group>"; };
		895EB9AE21ABFD5D006B55BB /* Base */ = {isa = PBXFileReference; lastKnownFileType = file.storyboard; name = Base; path = Base.lproj/Main.storyboard; sourceTree = "<group>"; };
		895EB9B021ABFD5F006B55BB /* Assets.xcassets */ = {isa = PBXFileReference; lastKnownFileType = folder.assetcatalog; path = Assets.xcassets; sourceTree = "<group>"; };
		895EB9B321ABFD5F006B55BB /* Base */ = {isa = PBXFileReference; lastKnownFileType = file.storyboard; name = Base; path = Base.lproj/LaunchScreen.storyboard; sourceTree = "<group>"; };
		895EB9B521ABFD5F006B55BB /* Info.plist */ = {isa = PBXFileReference; lastKnownFileType = text.plist.xml; path = Info.plist; sourceTree = "<group>"; };
		895EB9BB21AC205A006B55BB /* Button.swift */ = {isa = PBXFileReference; lastKnownFileType = sourcecode.swift; path = Button.swift; sourceTree = "<group>"; };
		8979E73321AE7FDC00B94C8A /* TapOnImage.swift */ = {isa = PBXFileReference; lastKnownFileType = sourcecode.swift; path = TapOnImage.swift; sourceTree = "<group>"; };
		8979E73C21AEE11400B94C8A /* StorgeOfNamesImages.swift */ = {isa = PBXFileReference; lastKnownFileType = sourcecode.swift; path = StorgeOfNamesImages.swift; sourceTree = "<group>"; };
/* End PBXFileReference section */

/* Begin PBXFrameworksBuildPhase section */
		895EB9A321ABFD5D006B55BB /* Frameworks */ = {
			isa = PBXFrameworksBuildPhase;
			buildActionMask = 2147483647;
			files = (
			);
			runOnlyForDeploymentPostprocessing = 0;
		};
/* End PBXFrameworksBuildPhase section */

/* Begin PBXGroup section */
		895EB99D21ABFD5D006B55BB = {
			isa = PBXGroup;
			children = (
				895EB9A821ABFD5D006B55BB /* LearnApp */,
				895EB9A721ABFD5D006B55BB /* Products */,
			);
			sourceTree = "<group>";
		};
		895EB9A721ABFD5D006B55BB /* Products */ = {
			isa = PBXGroup;
			children = (
				895EB9A621ABFD5D006B55BB /* LearnApp.app */,
			);
			name = Products;
			sourceTree = "<group>";
		};
		895EB9A821ABFD5D006B55BB /* LearnApp */ = {
			isa = PBXGroup;
			children = (
				895EB9B021ABFD5F006B55BB /* Assets.xcassets */,
				895EB9B521ABFD5F006B55BB /* Info.plist */,
				895EB9A921ABFD5D006B55BB /* AppDelegate.swift */,
				895EB9AD21ABFD5D006B55BB /* Main.storyboard */,
				895EB9B221ABFD5F006B55BB /* LaunchScreen.storyboard */,
				8979E73521AE7FF100B94C8A /* data */,
				8979E73621AE7FFA00B94C8A /* declaration */,
				8979E73721AE802900B94C8A /* games Controllers */,
			);
			path = LearnApp;
			sourceTree = "<group>";
		};
		8979E73521AE7FF100B94C8A /* data */ = {
			isa = PBXGroup;
			children = (
				894B844621AFD8C00066E15A /* ImageStore.swift */,
				8950C18D21AD418B00DF68FA /* StorgeOfWords.swift */,
				8979E73C21AEE11400B94C8A /* StorgeOfNamesImages.swift */,
			);
			path = data;
			sourceTree = "<group>";
		};
		8979E73621AE7FFA00B94C8A /* declaration */ = {
			isa = PBXGroup;
			children = (
				895EB9BB21AC205A006B55BB /* Button.swift */,
			);
			path = declaration;
			sourceTree = "<group>";
		};
		8979E73721AE802900B94C8A /* games Controllers */ = {
			isa = PBXGroup;
			children = (
				895EB9AB21ABFD5D006B55BB /* ListenToSentence.swift */,
				8979E73321AE7FDC00B94C8A /* TapOnImage.swift */,
				894B844821B008A10066E15A /* ChooseCorrectSentence.swift */,
				894B844A21B02A180066E15A /* WritethisTranslate.swift */,
			);
			path = "games Controllers";
			sourceTree = "<group>";
		};
/* End PBXGroup section */

/* Begin PBXNativeTarget section */
		895EB9A521ABFD5D006B55BB /* LearnApp */ = {
			isa = PBXNativeTarget;
			buildConfigurationList = 895EB9B821ABFD5F006B55BB /* Build configuration list for PBXNativeTarget "LearnApp" */;
			buildPhases = (
				895EB9A221ABFD5D006B55BB /* Sources */,
				895EB9A321ABFD5D006B55BB /* Frameworks */,
				895EB9A421ABFD5D006B55BB /* Resources */,
			);
			buildRules = (
			);
			dependencies = (
			);
			name = LearnApp;
			productName = LearnApp;
			productReference = 895EB9A621ABFD5D006B55BB /* LearnApp.app */;
			productType = "com.apple.product-type.application";
		};
/* End PBXNativeTarget section */

/* Begin PBXProject section */
		895EB99E21ABFD5D006B55BB /* Project object */ = {
			isa = PBXProject;
			attributes = {
				LastSwiftUpdateCheck = 0940;
				LastUpgradeCheck = 0940;
				ORGANIZATIONNAME = hyperactive;
				TargetAttributes = {
					895EB9A521ABFD5D006B55BB = {
						CreatedOnToolsVersion = 9.4;
					};
				};
			};
			buildConfigurationList = 895EB9A121ABFD5D006B55BB /* Build configuration list for PBXProject "LearnApp" */;
			compatibilityVersion = "Xcode 9.3";
			developmentRegion = en;
			hasScannedForEncodings = 0;
			knownRegions = (
				en,
				Base,
			);
			mainGroup = 895EB99D21ABFD5D006B55BB;
			productRefGroup = 895EB9A721ABFD5D006B55BB /* Products */;
			projectDirPath = "";
			projectRoot = "";
			targets = (
				895EB9A521ABFD5D006B55BB /* LearnApp */,
			);
		};
/* End PBXProject section */

/* Begin PBXResourcesBuildPhase section */
		895EB9A421ABFD5D006B55BB /* Resources */ = {
			isa = PBXResourcesBuildPhase;
			buildActionMask = 2147483647;
			files = (
				895EB9B421ABFD5F006B55BB /* LaunchScreen.storyboard in Resources */,
				895EB9B121ABFD5F006B55BB /* Assets.xcassets in Resources */,
				895EB9AF21ABFD5D006B55BB /* Main.storyboard in Resources */,
			);
			runOnlyForDeploymentPostprocessing = 0;
		};
/* End PBXResourcesBuildPhase section */

/* Begin PBXSourcesBuildPhase section */
		895EB9A221ABFD5D006B55BB /* Sources */ = {
			isa = PBXSourcesBuildPhase;
			buildActionMask = 2147483647;
			files = (
				895EB9AC21ABFD5D006B55BB /* ListenToSentence.swift in Sources */,
				895EB9BC21AC205A006B55BB /* Button.swift in Sources */,
				894B844721AFD8C00066E15A /* ImageStore.swift in Sources */,
				8979E73D21AEE11400B94C8A /* StorgeOfNamesImages.swift in Sources */,
				894B844B21B02A180066E15A /* WritethisTranslate.swift in Sources */,
				8979E73421AE7FDC00B94C8A /* TapOnImage.swift in Sources */,
				8950C18E21AD418B00DF68FA /* StorgeOfWords.swift in Sources */,
				894B844921B008A10066E15A /* ChooseCorrectSentence.swift in Sources */,
				895EB9AA21ABFD5D006B55BB /* AppDelegate.swift in Sources */,
			);
			runOnlyForDeploymentPostprocessing = 0;
		};
/* End PBXSourcesBuildPhase section */

/* Begin PBXVariantGroup section */
		895EB9AD21ABFD5D006B55BB /* Main.storyboard */ = {
			isa = PBXVariantGroup;
			children = (
				895EB9AE21ABFD5D006B55BB /* Base */,
			);
			name = Main.storyboard;
			sourceTree = "<group>";
		};
		895EB9B221ABFD5F006B55BB /* LaunchScreen.storyboard */ = {
			isa = PBXVariantGroup;
			children = (
				895EB9B321ABFD5F006B55BB /* Base */,
			);
			name = LaunchScreen.storyboard;
			sourceTree = "<group>";
		};
/* End PBXVariantGroup section */

/* Begin XCBuildConfiguration section */
		895EB9B621ABFD5F006B55BB /* Debug */ = {
			isa = XCBuildConfiguration;
			buildSettings = {
				ALWAYS_SEARCH_USER_PATHS = NO;
				CLANG_ANALYZER_NONNULL = YES;
				CLANG_ANALYZER_NUMBER_OBJECT_CONVERSION = YES_AGGRESSIVE;
				CLANG_CXX_LANGUAGE_STANDARD = "gnu++14";
				CLANG_CXX_LIBRARY = "libc++";
				CLANG_ENABLE_MODULES = YES;
				CLANG_ENABLE_OBJC_ARC = YES;
				CLANG_ENABLE_OBJC_WEAK = YES;
				CLANG_WARN_BLOCK_CAPTURE_AUTORELEASING = YES;
				CLANG_WARN_BOOL_CONVERSION = YES;
				CLANG_WARN_COMMA = YES;
				CLANG_WARN_CONSTANT_CONVERSION = YES;
				CLANG_WARN_DEPRECATED_OBJC_IMPLEMENTATIONS = YES;
				CLANG_WARN_DIRECT_OBJC_ISA_USAGE = YES_ERROR;
				CLANG_WARN_DOCUMENTATION_COMMENTS = YES;
				CLANG_WARN_EMPTY_BODY = YES;
				CLANG_WARN_ENUM_CONVERSION = YES;
				CLANG_WARN_INFINITE_RECURSION = YES;
				CLANG_WARN_INT_CONVERSION = YES;
				CLANG_WARN_NON_LITERAL_NULL_CONVERSION = YES;
				CLANG_WARN_OBJC_IMPLICIT_RETAIN_SELF = YES;
				CLANG_WARN_OBJC_LITERAL_CONVERSION = YES;
				CLANG_WARN_OBJC_ROOT_CLASS = YES_ERROR;
				CLANG_WARN_RANGE_LOOP_ANALYSIS = YES;
				CLANG_WARN_STRICT_PROTOTYPES = YES;
				CLANG_WARN_SUSPICIOUS_MOVE = YES;
				CLANG_WARN_UNGUARDED_AVAILABILITY = YES_AGGRESSIVE;
				CLANG_WARN_UNREACHABLE_CODE = YES;
				CLANG_WARN__DUPLICATE_METHOD_MATCH = YES;
				CODE_SIGN_IDENTITY = "iPhone Developer";
				COPY_PHASE_STRIP = NO;
				DEBUG_INFORMATION_FORMAT = dwarf;
				ENABLE_STRICT_OBJC_MSGSEND = YES;
				ENABLE_TESTABILITY = YES;
				GCC_C_LANGUAGE_STANDARD = gnu11;
				GCC_DYNAMIC_NO_PIC = NO;
				GCC_NO_COMMON_BLOCKS = YES;
				GCC_OPTIMIZATION_LEVEL = 0;
				GCC_PREPROCESSOR_DEFINITIONS = (
					"DEBUG=1",
					"$(inherited)",
				);
				GCC_WARN_64_TO_32_BIT_CONVERSION = YES;
				GCC_WARN_ABOUT_RETURN_TYPE = YES_ERROR;
				GCC_WARN_UNDECLARED_SELECTOR = YES;
				GCC_WARN_UNINITIALIZED_AUTOS = YES_AGGRESSIVE;
				GCC_WARN_UNUSED_FUNCTION = YES;
				GCC_WARN_UNUSED_VARIABLE = YES;
				IPHONEOS_DEPLOYMENT_TARGET = 11.4;
				MTL_ENABLE_DEBUG_INFO = YES;
				ONLY_ACTIVE_ARCH = YES;
				SDKROOT = iphoneos;
				SWIFT_ACTIVE_COMPILATION_CONDITIONS = DEBUG;
				SWIFT_OPTIMIZATION_LEVEL = "-Onone";
			};
			name = Debug;
		};
		895EB9B721ABFD5F006B55BB /* Release */ = {
			isa = XCBuildConfiguration;
			buildSettings = {
				ALWAYS_SEARCH_USER_PATHS = NO;
				CLANG_ANALYZER_NONNULL = YES;
				CLANG_ANALYZER_NUMBER_OBJECT_CONVERSION = YES_AGGRESSIVE;
				CLANG_CXX_LANGUAGE_STANDARD = "gnu++14";
				CLANG_CXX_LIBRARY = "libc++";
				CLANG_ENABLE_MODULES = YES;
				CLANG_ENABLE_OBJC_ARC = YES;
				CLANG_ENABLE_OBJC_WEAK = YES;
				CLANG_WARN_BLOCK_CAPTURE_AUTORELEASING = YES;
				CLANG_WARN_BOOL_CONVERSION = YES;
				CLANG_WARN_COMMA = YES;
				CLANG_WARN_CONSTANT_CONVERSION = YES;
				CLANG_WARN_DEPRECATED_OBJC_IMPLEMENTATIONS = YES;
				CLANG_WARN_DIRECT_OBJC_ISA_USAGE = YES_ERROR;
				CLANG_WARN_DOCUMENTATION_COMMENTS = YES;
				CLANG_WARN_EMPTY_BODY = YES;
				CLANG_WARN_ENUM_CONVERSION = YES;
				CLANG_WARN_INFINITE_RECURSION = YES;
				CLANG_WARN_INT_CONVERSION = YES;
				CLANG_WARN_NON_LITERAL_NULL_CONVERSION = YES;
				CLANG_WARN_OBJC_IMPLICIT_RETAIN_SELF = YES;
				CLANG_WARN_OBJC_LITERAL_CONVERSION = YES;
				CLANG_WARN_OBJC_ROOT_CLASS = YES_ERROR;
				CLANG_WARN_RANGE_LOOP_ANALYSIS = YES;
				CLANG_WARN_STRICT_PROTOTYPES = YES;
				CLANG_WARN_SUSPICIOUS_MOVE = YES;
				CLANG_WARN_UNGUARDED_AVAILABILITY = YES_AGGRESSIVE;
				CLANG_WARN_UNREACHABLE_CODE = YES;
				CLANG_WARN__DUPLICATE_METHOD_MATCH = YES;
				CODE_SIGN_IDENTITY = "iPhone Developer";
				COPY_PHASE_STRIP = NO;
				DEBUG_INFORMATION_FORMAT = "dwarf-with-dsym";
				ENABLE_NS_ASSERTIONS = NO;
				ENABLE_STRICT_OBJC_MSGSEND = YES;
				GCC_C_LANGUAGE_STANDARD = gnu11;
				GCC_NO_COMMON_BLOCKS = YES;
				GCC_WARN_64_TO_32_BIT_CONVERSION = YES;
				GCC_WARN_ABOUT_RETURN_TYPE = YES_ERROR;
				GCC_WARN_UNDECLARED_SELECTOR = YES;
				GCC_WARN_UNINITIALIZED_AUTOS = YES_AGGRESSIVE;
				GCC_WARN_UNUSED_FUNCTION = YES;
				GCC_WARN_UNUSED_VARIABLE = YES;
				IPHONEOS_DEPLOYMENT_TARGET = 11.4;
				MTL_ENABLE_DEBUG_INFO = NO;
				SDKROOT = iphoneos;
				SWIFT_COMPILATION_MODE = wholemodule;
				SWIFT_OPTIMIZATION_LEVEL = "-O";
				VALIDATE_PRODUCT = YES;
			};
			name = Release;
		};
		895EB9B921ABFD5F006B55BB /* Debug */ = {
			isa = XCBuildConfiguration;
			buildSettings = {
				ASSETCATALOG_COMPILER_APPICON_NAME = AppIcon;
				CODE_SIGN_IDENTITY = "iPhone Developer";
				CODE_SIGN_STYLE = Automatic;
				DEVELOPMENT_TEAM = R797Z7MKU5;
				INFOPLIST_FILE = LearnApp/Info.plist;
				LD_RUNPATH_SEARCH_PATHS = (
					"$(inherited)",
					"@executable_path/Frameworks",
				);
				PRODUCT_BUNDLE_IDENTIFIER = com.natali.LearnApp;
				PRODUCT_NAME = "$(TARGET_NAME)";
				PROVISIONING_PROFILE_SPECIFIER = "";
				SWIFT_VERSION = 4.0;
				TARGETED_DEVICE_FAMILY = "1,2";
			};
			name = Debug;
		};
		895EB9BA21ABFD5F006B55BB /* Release */ = {
			isa = XCBuildConfiguration;
			buildSettings = {
				ASSETCATALOG_COMPILER_APPICON_NAME = AppIcon;
				CODE_SIGN_IDENTITY = "iPhone Developer";
				CODE_SIGN_STYLE = Automatic;
				DEVELOPMENT_TEAM = R797Z7MKU5;
				INFOPLIST_FILE = LearnApp/Info.plist;
				LD_RUNPATH_SEARCH_PATHS = (
					"$(inherited)",
					"@executable_path/Frameworks",
				);
				PRODUCT_BUNDLE_IDENTIFIER = com.natali.LearnApp;
				PRODUCT_NAME = "$(TARGET_NAME)";
				PROVISIONING_PROFILE_SPECIFIER = "";
				SWIFT_VERSION = 4.0;
				TARGETED_DEVICE_FAMILY = "1,2";
			};
			name = Release;
		};
/* End XCBuildConfiguration section */

/* Begin XCConfigurationList section */
		895EB9A121ABFD5D006B55BB /* Build configuration list for PBXProject "LearnApp" */ = {
			isa = XCConfigurationList;
			buildConfigurations = (
				895EB9B621ABFD5F006B55BB /* Debug */,
				895EB9B721ABFD5F006B55BB /* Release */,
			);
			defaultConfigurationIsVisible = 0;
			defaultConfigurationName = Release;
		};
		895EB9B821ABFD5F006B55BB /* Build configuration list for PBXNativeTarget "LearnApp" */ = {
			isa = XCConfigurationList;
			buildConfigurations = (
				895EB9B921ABFD5F006B55BB /* Debug */,
				895EB9BA21ABFD5F006B55BB /* Release */,
			);
			defaultConfigurationIsVisible = 0;
			defaultConfigurationName = Release;
		};
/* End XCConfigurationList section */
	};
	rootObject = 895EB99E21ABFD5D006B55BB /* Project object */;
}
